
Microsoft Visual Studio Solution File, Format Version 12.00
# Visual Studio Version 17
VisualStudioVersion = 17.14.36414.22 d17.14
MinimumVisualStudioVersion = 10.0.40219.1
Project("{FAE04EC0-301F-11D3-BF4B-00C04F79EFBC}") = "Restaurant", "Restaurant\Restaurant.csproj", "{8AAA3F92-3BD1-44E6-9BD1-7D65287F473D}"
EndProject
Project("{FAE04EC0-301F-11D3-BF4B-00C04F79EFBC}") = "JeuPendu", "JeuPendu\JeuPendu.csproj", "{6FF40DCD-6C7C-4127-903D-E805063FA651}"
EndProject
Global
	GlobalSection(SolutionConfigurationPlatforms) = preSolution
		Debug|Any CPU = Debug|Any CPU
		Release|Any CPU = Release|Any CPU
	EndGlobalSection
	GlobalSection(ProjectConfigurationPlatforms) = postSolution
		{8AAA3F92-3BD1-44E6-9BD1-7D65287F473D}.Debug|Any CPU.ActiveCfg = Debug|Any CPU
		{8AAA3F92-3BD1-44E6-9BD1-7D65287F473D}.Debug|Any CPU.Build.0 = Debug|Any CPU
		{8AAA3F92-3BD1-44E6-9BD1-7D65287F473D}.Release|Any CPU.ActiveCfg = Release|Any CPU
		{8AAA3F92-3BD1-44E6-9BD1-7D65287F473D}.Release|Any CPU.Build.0 = Release|Any CPU
		{6FF40DCD-6C7C-4127-903D-E805063FA651}.Debug|Any CPU.ActiveCfg = Debug|Any CPU
		{6FF40DCD-6C7C-4127-903D-E805063FA651}.Debug|Any CPU.Build.0 = Debug|Any CPU
		{6FF40DCD-6C7C-4127-903D-E805063FA651}.Release|Any CPU.ActiveCfg = Release|Any CPU
		{6FF40DCD-6C7C-4127-903D-E805063FA651}.Release|Any CPU.Build.0 = Release|Any CPU
	EndGlobalSection
	GlobalSection(SolutionProperties) = preSolution
		HideSolutionNode = FALSE
	EndGlobalSection
	GlobalSection(ExtensibilityGlobals) = postSolution
		SolutionGuid = {EE88FEF1-2F38-4C38-8C6F-85885A31DC26}
	EndGlobalSection
EndGlobal
